
Microsoft Visual Studio Solution File, Format Version 12.00
# Visual Studio 15
VisualStudioVersion = 15.0.27004.2005
MinimumVisualStudioVersion = 10.0.40219.1
Project("{8BC9CEB8-8B4A-11D0-8D11-00A0C91BC942}") = "HelloWorld", "HelloWorld\HelloWorld.vcxproj", "{CFECA983-5774-4B4B-86B7-2BA4BA1C4A5D}"
EndProject
Project("{8BC9CEB8-8B4A-11D0-8D11-00A0C91BC942}") = "ScreenSize", "ScreenSize\ScreenSize.vcxproj", "{6D87F044-A8D3-4C84-8662-22FE02C02147}"
EndProject
Project("{8BC9CEB8-8B4A-11D0-8D11-00A0C91BC942}") = "HelloWindows", "HelloWindows\HelloWindows.vcxproj", "{4255F639-48F0-423B-A8E2-AF89BDB04874}"
EndProject
Project("{8BC9CEB8-8B4A-11D0-8D11-00A0C91BC942}") = "SystemMetrics", "SystemMetrics\SystemMetrics.vcxproj", "{A2FE2E1E-A8D3-47DD-BC31-A0DBAA2B9F69}"
EndProject
Project("{8BC9CEB8-8B4A-11D0-8D11-00A0C91BC942}") = "SystemMetrics2", "SystemMetrics2\SystemMetrics2.vcxproj", "{A168211F-9B99-435C-A0B3-83D40E4C2FC3}"
EndProject
Project("{8BC9CEB8-8B4A-11D0-8D11-00A0C91BC942}") = "SystemMetrics3", "SystemMetrics3\SystemMetrics3.vcxproj", "{1D9BF8A6-97B2-433A-91D8-984F64558A63}"
EndProject
Project("{8BC9CEB8-8B4A-11D0-8D11-00A0C91BC942}") = "DeviceCapabilities", "DeviceCapacity\DeviceCapacity.vcxproj", "{05BA4C41-EE66-4974-AA66-ED4DE7821832}"
EndProject
Project("{8BC9CEB8-8B4A-11D0-8D11-00A0C91BC942}") = "SineWave", "SineWave\SineWave.vcxproj", "{B08C2918-B1E0-4B38-9827-1F03F59314F5}"
EndProject
Project("{8BC9CEB8-8B4A-11D0-8D11-00A0C91BC942}") = "LineDemo", "LineDemo\LineDemo.vcxproj", "{03B01AEA-6E84-4DF8-A901-F78B0F3FCDA8}"
EndProject
Project("{8BC9CEB8-8B4A-11D0-8D11-00A0C91BC942}") = "Bezier", "Bezier\Bezier.vcxproj", "{AFB72D8F-A4A8-4368-BC1C-AEBF2982F714}"
EndProject
Project("{8BC9CEB8-8B4A-11D0-8D11-00A0C91BC942}") = "AltWind", "AltWind\AltWind.vcxproj", "{29614DAD-601D-4472-85B8-A47C6E87870A}"
EndProject
Project("{8BC9CEB8-8B4A-11D0-8D11-00A0C91BC942}") = "WhatSize", "WhatSize\WhatSize.vcxproj", "{FF35BDF7-9E76-4F59-A73F-F03C8731DD67}"
EndProject
Project("{8BC9CEB8-8B4A-11D0-8D11-00A0C91BC942}") = "RandRect", "RandRect\RandRect.vcxproj", "{EC514610-7C42-4F87-8196-7C2B5B5978B5}"
EndProject
Project("{8BC9CEB8-8B4A-11D0-8D11-00A0C91BC942}") = "Clover", "Clover\Clover.vcxproj", "{6FC55134-7963-4D38-BEA3-6EF6EF89A2BC}"
EndProject
Project("{8BC9CEB8-8B4A-11D0-8D11-00A0C91BC942}") = "SystemMetrics4", "SystemMetrics4\SystemMetrics4.vcxproj", "{F7063767-5E80-4D6C-B5A3-7BEB14D492F8}"
EndProject
Project("{8BC9CEB8-8B4A-11D0-8D11-00A0C91BC942}") = "KeyView", "KeyView\KeyView.vcxproj", "{63708DD9-0871-4A8D-9DF6-09E7957EA096}"
EndProject
Project("{8BC9CEB8-8B4A-11D0-8D11-00A0C91BC942}") = "StokFont", "StokFont\StokFont.vcxproj", "{CB46322D-2E8D-4ABD-B065-BA02F1467BB4}"
EndProject
Project("{8BC9CEB8-8B4A-11D0-8D11-00A0C91BC942}") = "KeyView2", "KeyView2\KeyView2.vcxproj", "{05FD8CAC-2903-4044-BEB6-2B5340A2C5B5}"
EndProject
Project("{8BC9CEB8-8B4A-11D0-8D11-00A0C91BC942}") = "Typer", "Typer\Typer.vcxproj", "{1E67DCAC-6E12-4F91-90FA-3091181138AC}"
EndProject
Project("{8BC9CEB8-8B4A-11D0-8D11-00A0C91BC942}") = "Connect", "Connect\Connect.vcxproj", "{9B930857-C6F7-4276-B5B9-D482F0510A9F}"
EndProject
Project("{8BC9CEB8-8B4A-11D0-8D11-00A0C91BC942}") = "Checker", "Checker\Checker.vcxproj", "{3C7B0CF8-0275-4D02-B643-12D1615BB07D}"
EndProject
Project("{8BC9CEB8-8B4A-11D0-8D11-00A0C91BC942}") = "Checker2", "Checker2\Checker2.vcxproj", "{A5CDDED3-2926-415E-8E11-392C7E540D4A}"
EndProject
Project("{8BC9CEB8-8B4A-11D0-8D11-00A0C91BC942}") = "Checker3", "Checker3\Checker3.vcxproj", "{7E40E900-740A-4E81-9047-2DC1840F3A97}"
EndProject
Project("{8BC9CEB8-8B4A-11D0-8D11-00A0C91BC942}") = "Checker4", "Checker4\Checker4.vcxproj", "{AF8B2CCA-F391-46A7-A014-9B00B5C40B61}"
EndProject
Project("{8BC9CEB8-8B4A-11D0-8D11-00A0C91BC942}") = "BlackOut", "BlackOut\BlackOut.vcxproj", "{156CA061-142C-4ACE-9460-31B723D89104}"
EndProject
Project("{8BC9CEB8-8B4A-11D0-8D11-00A0C91BC942}") = "BlackOut2", "BlackOut2\BlackOut2.vcxproj", "{72C83279-C35B-4DAE-A0BF-799A732AD1A6}"
EndProject
Project("{8BC9CEB8-8B4A-11D0-8D11-00A0C91BC942}") = "SystemMetrics5", "SystemMetrics5\SystemMetrics5.vcxproj", "{4EE41EE2-DA11-4463-A80A-2288B28B10A9}"
EndProject
Project("{8BC9CEB8-8B4A-11D0-8D11-00A0C91BC942}") = "Beeper", "Beeper\Beeper.vcxproj", "{25D2B664-1F7B-4515-9AFF-1FA27341EF7E}"
EndProject
Project("{8BC9CEB8-8B4A-11D0-8D11-00A0C91BC942}") = "Beeper2", "Beeper2\Beeper2.vcxproj", "{3B018F5C-6807-48E9-836C-4275EFC4B53F}"
EndProject
Project("{8BC9CEB8-8B4A-11D0-8D11-00A0C91BC942}") = "DigitalClock", "DigitalClock\DigitalClock.vcxproj", "{281BF449-DBD0-4507-8384-CF32148849D7}"
EndProject
Project("{8BC9CEB8-8B4A-11D0-8D11-00A0C91BC942}") = "AnalogClock", "AnalogClock\AnalogClock.vcxproj", "{D433ECDB-32C4-4210-9A3A-88556DD0C778}"
EndProject
Project("{8BC9CEB8-8B4A-11D0-8D11-00A0C91BC942}") = "WhatColor", "WhatColor\WhatColor.vcxproj", "{30A49B60-D2D4-461A-97BF-728A84012990}"
EndProject
Project("{8BC9CEB8-8B4A-11D0-8D11-00A0C91BC942}") = "ButtonLook", "ButtonLook\ButtonLook.vcxproj", "{09869204-38FC-4AF4-84BC-AD6731DF5DE7}"
EndProject
Project("{8BC9CEB8-8B4A-11D0-8D11-00A0C91BC942}") = "OwnerDraw", "OwnerDraw\OwnerDraw.vcxproj", "{C4BD1789-00EB-46D9-9CD3-24675378D7D4}"
EndProject
Project("{8BC9CEB8-8B4A-11D0-8D11-00A0C91BC942}") = "Colors", "Colors\Colors.vcxproj", "{E7F8B35C-0180-4B34-A4E2-28E0BF68CB8C}"
EndProject
Project("{8BC9CEB8-8B4A-11D0-8D11-00A0C91BC942}") = "PopPad", "PopPad\PopPad.vcxproj", "{5D5DAC15-B0D3-405D-8101-882A02D895BA}"
EndProject
Project("{8BC9CEB8-8B4A-11D0-8D11-00A0C91BC942}") = "Environ", "Environ\Environ.vcxproj", "{EE59DCE6-6264-4C6E-B373-D8CDB6AEF03E}"
EndProject
Project("{8BC9CEB8-8B4A-11D0-8D11-00A0C91BC942}") = "Head", "Head\Head.vcxproj", "{8433A003-C8DB-47A5-B304-611AE286CF31}"
EndProject
Project("{8BC9CEB8-8B4A-11D0-8D11-00A0C91BC942}") = "IconDemo", "IconDemo\IconDemo.vcxproj", "{D4CDBC28-3D39-4E42-9384-26CD682A2E9A}"
EndProject
Project("{8BC9CEB8-8B4A-11D0-8D11-00A0C91BC942}") = "PoePoem", "PoePoem\PoePoem.vcxproj", "{89C54459-840C-41DA-9E93-376C64924192}"
EndProject
Project("{8BC9CEB8-8B4A-11D0-8D11-00A0C91BC942}") = "MenuDemo", "MenuDemo\MenuDemo.vcxproj", "{504288FC-E0D8-4A96-8D24-C5118ACF5C10}"
EndProject
Project("{8BC9CEB8-8B4A-11D0-8D11-00A0C91BC942}") = "PopMenu", "PopMenu\PopMenu.vcxproj", "{C316BDA4-46E4-4522-8158-ADADCAF1A9DF}"
EndProject
Project("{8BC9CEB8-8B4A-11D0-8D11-00A0C91BC942}") = "PoorMenu", "PoorMenu\PoorMenu.vcxproj", "{3C1B13F2-2311-4C34-B521-D8581E5A51BE}"
EndProject
Project("{8BC9CEB8-8B4A-11D0-8D11-00A0C91BC942}") = "NoPopups", "NoPopups\NoPopups.vcxproj", "{A7B35047-3028-4C80-951C-1A6DD50C6620}"
EndProject
Project("{8BC9CEB8-8B4A-11D0-8D11-00A0C91BC942}") = "PopPad2", "PopPad2\PopPad2.vcxproj", "{74905A0E-77EB-46F8-86C7-DCE6688FBB04}"
EndProject
Global
	GlobalSection(SolutionConfigurationPlatforms) = preSolution
		Debug|x64 = Debug|x64
		Debug|x86 = Debug|x86
		Release|x64 = Release|x64
		Release|x86 = Release|x86
	EndGlobalSection
	GlobalSection(ProjectConfigurationPlatforms) = postSolution
		{CFECA983-5774-4B4B-86B7-2BA4BA1C4A5D}.Debug|x64.ActiveCfg = Debug|x64
		{CFECA983-5774-4B4B-86B7-2BA4BA1C4A5D}.Debug|x64.Build.0 = Debug|x64
		{CFECA983-5774-4B4B-86B7-2BA4BA1C4A5D}.Debug|x86.ActiveCfg = Debug|Win32
		{CFECA983-5774-4B4B-86B7-2BA4BA1C4A5D}.Debug|x86.Build.0 = Debug|Win32
		{CFECA983-5774-4B4B-86B7-2BA4BA1C4A5D}.Release|x64.ActiveCfg = Release|x64
		{CFECA983-5774-4B4B-86B7-2BA4BA1C4A5D}.Release|x64.Build.0 = Release|x64
		{CFECA983-5774-4B4B-86B7-2BA4BA1C4A5D}.Release|x86.ActiveCfg = Release|Win32
		{CFECA983-5774-4B4B-86B7-2BA4BA1C4A5D}.Release|x86.Build.0 = Release|Win32
		{6D87F044-A8D3-4C84-8662-22FE02C02147}.Debug|x64.ActiveCfg = Debug|x64
		{6D87F044-A8D3-4C84-8662-22FE02C02147}.Debug|x64.Build.0 = Debug|x64
		{6D87F044-A8D3-4C84-8662-22FE02C02147}.Debug|x86.ActiveCfg = Debug|Win32
		{6D87F044-A8D3-4C84-8662-22FE02C02147}.Debug|x86.Build.0 = Debug|Win32
		{6D87F044-A8D3-4C84-8662-22FE02C02147}.Release|x64.ActiveCfg = Release|x64
		{6D87F044-A8D3-4C84-8662-22FE02C02147}.Release|x64.Build.0 = Release|x64
		{6D87F044-A8D3-4C84-8662-22FE02C02147}.Release|x86.ActiveCfg = Release|Win32
		{6D87F044-A8D3-4C84-8662-22FE02C02147}.Release|x86.Build.0 = Release|Win32
		{4255F639-48F0-423B-A8E2-AF89BDB04874}.Debug|x64.ActiveCfg = Debug|x64
		{4255F639-48F0-423B-A8E2-AF89BDB04874}.Debug|x64.Build.0 = Debug|x64
		{4255F639-48F0-423B-A8E2-AF89BDB04874}.Debug|x86.ActiveCfg = Debug|Win32
		{4255F639-48F0-423B-A8E2-AF89BDB04874}.Debug|x86.Build.0 = Debug|Win32
		{4255F639-48F0-423B-A8E2-AF89BDB04874}.Release|x64.ActiveCfg = Release|x64
		{4255F639-48F0-423B-A8E2-AF89BDB04874}.Release|x64.Build.0 = Release|x64
		{4255F639-48F0-423B-A8E2-AF89BDB04874}.Release|x86.ActiveCfg = Release|Win32
		{4255F639-48F0-423B-A8E2-AF89BDB04874}.Release|x86.Build.0 = Release|Win32
		{A2FE2E1E-A8D3-47DD-BC31-A0DBAA2B9F69}.Debug|x64.ActiveCfg = Debug|x64
		{A2FE2E1E-A8D3-47DD-BC31-A0DBAA2B9F69}.Debug|x64.Build.0 = Debug|x64
		{A2FE2E1E-A8D3-47DD-BC31-A0DBAA2B9F69}.Debug|x86.ActiveCfg = Debug|Win32
		{A2FE2E1E-A8D3-47DD-BC31-A0DBAA2B9F69}.Debug|x86.Build.0 = Debug|Win32
		{A2FE2E1E-A8D3-47DD-BC31-A0DBAA2B9F69}.Release|x64.ActiveCfg = Release|x64
		{A2FE2E1E-A8D3-47DD-BC31-A0DBAA2B9F69}.Release|x64.Build.0 = Release|x64
		{A2FE2E1E-A8D3-47DD-BC31-A0DBAA2B9F69}.Release|x86.ActiveCfg = Release|Win32
		{A2FE2E1E-A8D3-47DD-BC31-A0DBAA2B9F69}.Release|x86.Build.0 = Release|Win32
		{A168211F-9B99-435C-A0B3-83D40E4C2FC3}.Debug|x64.ActiveCfg = Debug|x64
		{A168211F-9B99-435C-A0B3-83D40E4C2FC3}.Debug|x64.Build.0 = Debug|x64
		{A168211F-9B99-435C-A0B3-83D40E4C2FC3}.Debug|x86.ActiveCfg = Debug|Win32
		{A168211F-9B99-435C-A0B3-83D40E4C2FC3}.Debug|x86.Build.0 = Debug|Win32
		{A168211F-9B99-435C-A0B3-83D40E4C2FC3}.Release|x64.ActiveCfg = Release|x64
		{A168211F-9B99-435C-A0B3-83D40E4C2FC3}.Release|x64.Build.0 = Release|x64
		{A168211F-9B99-435C-A0B3-83D40E4C2FC3}.Release|x86.ActiveCfg = Release|Win32
		{A168211F-9B99-435C-A0B3-83D40E4C2FC3}.Release|x86.Build.0 = Release|Win32
		{1D9BF8A6-97B2-433A-91D8-984F64558A63}.Debug|x64.ActiveCfg = Debug|x64
		{1D9BF8A6-97B2-433A-91D8-984F64558A63}.Debug|x64.Build.0 = Debug|x64
		{1D9BF8A6-97B2-433A-91D8-984F64558A63}.Debug|x86.ActiveCfg = Debug|Win32
		{1D9BF8A6-97B2-433A-91D8-984F64558A63}.Debug|x86.Build.0 = Debug|Win32
		{1D9BF8A6-97B2-433A-91D8-984F64558A63}.Release|x64.ActiveCfg = Release|x64
		{1D9BF8A6-97B2-433A-91D8-984F64558A63}.Release|x64.Build.0 = Release|x64
		{1D9BF8A6-97B2-433A-91D8-984F64558A63}.Release|x86.ActiveCfg = Release|Win32
		{1D9BF8A6-97B2-433A-91D8-984F64558A63}.Release|x86.Build.0 = Release|Win32
		{05BA4C41-EE66-4974-AA66-ED4DE7821832}.Debug|x64.ActiveCfg = Debug|x64
		{05BA4C41-EE66-4974-AA66-ED4DE7821832}.Debug|x64.Build.0 = Debug|x64
		{05BA4C41-EE66-4974-AA66-ED4DE7821832}.Debug|x86.ActiveCfg = Debug|Win32
		{05BA4C41-EE66-4974-AA66-ED4DE7821832}.Debug|x86.Build.0 = Debug|Win32
		{05BA4C41-EE66-4974-AA66-ED4DE7821832}.Release|x64.ActiveCfg = Release|x64
		{05BA4C41-EE66-4974-AA66-ED4DE7821832}.Release|x64.Build.0 = Release|x64
		{05BA4C41-EE66-4974-AA66-ED4DE7821832}.Release|x86.ActiveCfg = Release|Win32
		{05BA4C41-EE66-4974-AA66-ED4DE7821832}.Release|x86.Build.0 = Release|Win32
		{B08C2918-B1E0-4B38-9827-1F03F59314F5}.Debug|x64.ActiveCfg = Debug|x64
		{B08C2918-B1E0-4B38-9827-1F03F59314F5}.Debug|x64.Build.0 = Debug|x64
		{B08C2918-B1E0-4B38-9827-1F03F59314F5}.Debug|x86.ActiveCfg = Debug|Win32
		{B08C2918-B1E0-4B38-9827-1F03F59314F5}.Debug|x86.Build.0 = Debug|Win32
		{B08C2918-B1E0-4B38-9827-1F03F59314F5}.Release|x64.ActiveCfg = Release|x64
		{B08C2918-B1E0-4B38-9827-1F03F59314F5}.Release|x64.Build.0 = Release|x64
		{B08C2918-B1E0-4B38-9827-1F03F59314F5}.Release|x86.ActiveCfg = Release|Win32
		{B08C2918-B1E0-4B38-9827-1F03F59314F5}.Release|x86.Build.0 = Release|Win32
		{03B01AEA-6E84-4DF8-A901-F78B0F3FCDA8}.Debug|x64.ActiveCfg = Debug|x64
		{03B01AEA-6E84-4DF8-A901-F78B0F3FCDA8}.Debug|x64.Build.0 = Debug|x64
		{03B01AEA-6E84-4DF8-A901-F78B0F3FCDA8}.Debug|x86.ActiveCfg = Debug|Win32
		{03B01AEA-6E84-4DF8-A901-F78B0F3FCDA8}.Debug|x86.Build.0 = Debug|Win32
		{03B01AEA-6E84-4DF8-A901-F78B0F3FCDA8}.Release|x64.ActiveCfg = Release|x64
		{03B01AEA-6E84-4DF8-A901-F78B0F3FCDA8}.Release|x64.Build.0 = Release|x64
		{03B01AEA-6E84-4DF8-A901-F78B0F3FCDA8}.Release|x86.ActiveCfg = Release|Win32
		{03B01AEA-6E84-4DF8-A901-F78B0F3FCDA8}.Release|x86.Build.0 = Release|Win32
		{AFB72D8F-A4A8-4368-BC1C-AEBF2982F714}.Debug|x64.ActiveCfg = Debug|x64
		{AFB72D8F-A4A8-4368-BC1C-AEBF2982F714}.Debug|x64.Build.0 = Debug|x64
		{AFB72D8F-A4A8-4368-BC1C-AEBF2982F714}.Debug|x86.ActiveCfg = Debug|Win32
		{AFB72D8F-A4A8-4368-BC1C-AEBF2982F714}.Debug|x86.Build.0 = Debug|Win32
		{AFB72D8F-A4A8-4368-BC1C-AEBF2982F714}.Release|x64.ActiveCfg = Release|x64
		{AFB72D8F-A4A8-4368-BC1C-AEBF2982F714}.Release|x64.Build.0 = Release|x64
		{AFB72D8F-A4A8-4368-BC1C-AEBF2982F714}.Release|x86.ActiveCfg = Release|Win32
		{AFB72D8F-A4A8-4368-BC1C-AEBF2982F714}.Release|x86.Build.0 = Release|Win32
		{29614DAD-601D-4472-85B8-A47C6E87870A}.Debug|x64.ActiveCfg = Debug|x64
		{29614DAD-601D-4472-85B8-A47C6E87870A}.Debug|x64.Build.0 = Debug|x64
		{29614DAD-601D-4472-85B8-A47C6E87870A}.Debug|x86.ActiveCfg = Debug|Win32
		{29614DAD-601D-4472-85B8-A47C6E87870A}.Debug|x86.Build.0 = Debug|Win32
		{29614DAD-601D-4472-85B8-A47C6E87870A}.Release|x64.ActiveCfg = Release|x64
		{29614DAD-601D-4472-85B8-A47C6E87870A}.Release|x64.Build.0 = Release|x64
		{29614DAD-601D-4472-85B8-A47C6E87870A}.Release|x86.ActiveCfg = Release|Win32
		{29614DAD-601D-4472-85B8-A47C6E87870A}.Release|x86.Build.0 = Release|Win32
		{FF35BDF7-9E76-4F59-A73F-F03C8731DD67}.Debug|x64.ActiveCfg = Debug|x64
		{FF35BDF7-9E76-4F59-A73F-F03C8731DD67}.Debug|x64.Build.0 = Debug|x64
		{FF35BDF7-9E76-4F59-A73F-F03C8731DD67}.Debug|x86.ActiveCfg = Debug|Win32
		{FF35BDF7-9E76-4F59-A73F-F03C8731DD67}.Debug|x86.Build.0 = Debug|Win32
		{FF35BDF7-9E76-4F59-A73F-F03C8731DD67}.Release|x64.ActiveCfg = Release|x64
		{FF35BDF7-9E76-4F59-A73F-F03C8731DD67}.Release|x64.Build.0 = Release|x64
		{FF35BDF7-9E76-4F59-A73F-F03C8731DD67}.Release|x86.ActiveCfg = Release|Win32
		{FF35BDF7-9E76-4F59-A73F-F03C8731DD67}.Release|x86.Build.0 = Release|Win32
		{EC514610-7C42-4F87-8196-7C2B5B5978B5}.Debug|x64.ActiveCfg = Debug|x64
		{EC514610-7C42-4F87-8196-7C2B5B5978B5}.Debug|x64.Build.0 = Debug|x64
		{EC514610-7C42-4F87-8196-7C2B5B5978B5}.Debug|x86.ActiveCfg = Debug|Win32
		{EC514610-7C42-4F87-8196-7C2B5B5978B5}.Debug|x86.Build.0 = Debug|Win32
		{EC514610-7C42-4F87-8196-7C2B5B5978B5}.Release|x64.ActiveCfg = Release|x64
		{EC514610-7C42-4F87-8196-7C2B5B5978B5}.Release|x64.Build.0 = Release|x64
		{EC514610-7C42-4F87-8196-7C2B5B5978B5}.Release|x86.ActiveCfg = Release|Win32
		{EC514610-7C42-4F87-8196-7C2B5B5978B5}.Release|x86.Build.0 = Release|Win32
		{6FC55134-7963-4D38-BEA3-6EF6EF89A2BC}.Debug|x64.ActiveCfg = Debug|x64
		{6FC55134-7963-4D38-BEA3-6EF6EF89A2BC}.Debug|x64.Build.0 = Debug|x64
		{6FC55134-7963-4D38-BEA3-6EF6EF89A2BC}.Debug|x86.ActiveCfg = Debug|Win32
		{6FC55134-7963-4D38-BEA3-6EF6EF89A2BC}.Debug|x86.Build.0 = Debug|Win32
		{6FC55134-7963-4D38-BEA3-6EF6EF89A2BC}.Release|x64.ActiveCfg = Release|x64
		{6FC55134-7963-4D38-BEA3-6EF6EF89A2BC}.Release|x64.Build.0 = Release|x64
		{6FC55134-7963-4D38-BEA3-6EF6EF89A2BC}.Release|x86.ActiveCfg = Release|Win32
		{6FC55134-7963-4D38-BEA3-6EF6EF89A2BC}.Release|x86.Build.0 = Release|Win32
		{F7063767-5E80-4D6C-B5A3-7BEB14D492F8}.Debug|x64.ActiveCfg = Debug|x64
		{F7063767-5E80-4D6C-B5A3-7BEB14D492F8}.Debug|x64.Build.0 = Debug|x64
		{F7063767-5E80-4D6C-B5A3-7BEB14D492F8}.Debug|x86.ActiveCfg = Debug|Win32
		{F7063767-5E80-4D6C-B5A3-7BEB14D492F8}.Debug|x86.Build.0 = Debug|Win32
		{F7063767-5E80-4D6C-B5A3-7BEB14D492F8}.Release|x64.ActiveCfg = Release|x64
		{F7063767-5E80-4D6C-B5A3-7BEB14D492F8}.Release|x64.Build.0 = Release|x64
		{F7063767-5E80-4D6C-B5A3-7BEB14D492F8}.Release|x86.ActiveCfg = Release|Win32
		{F7063767-5E80-4D6C-B5A3-7BEB14D492F8}.Release|x86.Build.0 = Release|Win32
		{63708DD9-0871-4A8D-9DF6-09E7957EA096}.Debug|x64.ActiveCfg = Debug|x64
		{63708DD9-0871-4A8D-9DF6-09E7957EA096}.Debug|x64.Build.0 = Debug|x64
		{63708DD9-0871-4A8D-9DF6-09E7957EA096}.Debug|x86.ActiveCfg = Debug|Win32
		{63708DD9-0871-4A8D-9DF6-09E7957EA096}.Debug|x86.Build.0 = Debug|Win32
		{63708DD9-0871-4A8D-9DF6-09E7957EA096}.Release|x64.ActiveCfg = Release|x64
		{63708DD9-0871-4A8D-9DF6-09E7957EA096}.Release|x64.Build.0 = Release|x64
		{63708DD9-0871-4A8D-9DF6-09E7957EA096}.Release|x86.ActiveCfg = Release|Win32
		{63708DD9-0871-4A8D-9DF6-09E7957EA096}.Release|x86.Build.0 = Release|Win32
		{CB46322D-2E8D-4ABD-B065-BA02F1467BB4}.Debug|x64.ActiveCfg = Debug|x64
		{CB46322D-2E8D-4ABD-B065-BA02F1467BB4}.Debug|x64.Build.0 = Debug|x64
		{CB46322D-2E8D-4ABD-B065-BA02F1467BB4}.Debug|x86.ActiveCfg = Debug|Win32
		{CB46322D-2E8D-4ABD-B065-BA02F1467BB4}.Debug|x86.Build.0 = Debug|Win32
		{CB46322D-2E8D-4ABD-B065-BA02F1467BB4}.Release|x64.ActiveCfg = Release|x64
		{CB46322D-2E8D-4ABD-B065-BA02F1467BB4}.Release|x64.Build.0 = Release|x64
		{CB46322D-2E8D-4ABD-B065-BA02F1467BB4}.Release|x86.ActiveCfg = Release|Win32
		{CB46322D-2E8D-4ABD-B065-BA02F1467BB4}.Release|x86.Build.0 = Release|Win32
		{05FD8CAC-2903-4044-BEB6-2B5340A2C5B5}.Debug|x64.ActiveCfg = Debug|x64
		{05FD8CAC-2903-4044-BEB6-2B5340A2C5B5}.Debug|x64.Build.0 = Debug|x64
		{05FD8CAC-2903-4044-BEB6-2B5340A2C5B5}.Debug|x86.ActiveCfg = Debug|Win32
		{05FD8CAC-2903-4044-BEB6-2B5340A2C5B5}.Debug|x86.Build.0 = Debug|Win32
		{05FD8CAC-2903-4044-BEB6-2B5340A2C5B5}.Release|x64.ActiveCfg = Release|x64
		{05FD8CAC-2903-4044-BEB6-2B5340A2C5B5}.Release|x64.Build.0 = Release|x64
		{05FD8CAC-2903-4044-BEB6-2B5340A2C5B5}.Release|x86.ActiveCfg = Release|Win32
		{05FD8CAC-2903-4044-BEB6-2B5340A2C5B5}.Release|x86.Build.0 = Release|Win32
		{1E67DCAC-6E12-4F91-90FA-3091181138AC}.Debug|x64.ActiveCfg = Debug|x64
		{1E67DCAC-6E12-4F91-90FA-3091181138AC}.Debug|x64.Build.0 = Debug|x64
		{1E67DCAC-6E12-4F91-90FA-3091181138AC}.Debug|x86.ActiveCfg = Debug|Win32
		{1E67DCAC-6E12-4F91-90FA-3091181138AC}.Debug|x86.Build.0 = Debug|Win32
		{1E67DCAC-6E12-4F91-90FA-3091181138AC}.Release|x64.ActiveCfg = Release|x64
		{1E67DCAC-6E12-4F91-90FA-3091181138AC}.Release|x64.Build.0 = Release|x64
		{1E67DCAC-6E12-4F91-90FA-3091181138AC}.Release|x86.ActiveCfg = Release|Win32
		{1E67DCAC-6E12-4F91-90FA-3091181138AC}.Release|x86.Build.0 = Release|Win32
		{9B930857-C6F7-4276-B5B9-D482F0510A9F}.Debug|x64.ActiveCfg = Debug|x64
		{9B930857-C6F7-4276-B5B9-D482F0510A9F}.Debug|x64.Build.0 = Debug|x64
		{9B930857-C6F7-4276-B5B9-D482F0510A9F}.Debug|x86.ActiveCfg = Debug|Win32
		{9B930857-C6F7-4276-B5B9-D482F0510A9F}.Debug|x86.Build.0 = Debug|Win32
		{9B930857-C6F7-4276-B5B9-D482F0510A9F}.Release|x64.ActiveCfg = Release|x64
		{9B930857-C6F7-4276-B5B9-D482F0510A9F}.Release|x64.Build.0 = Release|x64
		{9B930857-C6F7-4276-B5B9-D482F0510A9F}.Release|x86.ActiveCfg = Release|Win32
		{9B930857-C6F7-4276-B5B9-D482F0510A9F}.Release|x86.Build.0 = Release|Win32
		{3C7B0CF8-0275-4D02-B643-12D1615BB07D}.Debug|x64.ActiveCfg = Debug|x64
		{3C7B0CF8-0275-4D02-B643-12D1615BB07D}.Debug|x64.Build.0 = Debug|x64
		{3C7B0CF8-0275-4D02-B643-12D1615BB07D}.Debug|x86.ActiveCfg = Debug|Win32
		{3C7B0CF8-0275-4D02-B643-12D1615BB07D}.Debug|x86.Build.0 = Debug|Win32
		{3C7B0CF8-0275-4D02-B643-12D1615BB07D}.Release|x64.ActiveCfg = Release|x64
		{3C7B0CF8-0275-4D02-B643-12D1615BB07D}.Release|x64.Build.0 = Release|x64
		{3C7B0CF8-0275-4D02-B643-12D1615BB07D}.Release|x86.ActiveCfg = Release|Win32
		{3C7B0CF8-0275-4D02-B643-12D1615BB07D}.Release|x86.Build.0 = Release|Win32
		{A5CDDED3-2926-415E-8E11-392C7E540D4A}.Debug|x64.ActiveCfg = Debug|x64
		{A5CDDED3-2926-415E-8E11-392C7E540D4A}.Debug|x64.Build.0 = Debug|x64
		{A5CDDED3-2926-415E-8E11-392C7E540D4A}.Debug|x86.ActiveCfg = Debug|Win32
		{A5CDDED3-2926-415E-8E11-392C7E540D4A}.Debug|x86.Build.0 = Debug|Win32
		{A5CDDED3-2926-415E-8E11-392C7E540D4A}.Release|x64.ActiveCfg = Release|x64
		{A5CDDED3-2926-415E-8E11-392C7E540D4A}.Release|x64.Build.0 = Release|x64
		{A5CDDED3-2926-415E-8E11-392C7E540D4A}.Release|x86.ActiveCfg = Release|Win32
		{A5CDDED3-2926-415E-8E11-392C7E540D4A}.Release|x86.Build.0 = Release|Win32
		{7E40E900-740A-4E81-9047-2DC1840F3A97}.Debug|x64.ActiveCfg = Debug|x64
		{7E40E900-740A-4E81-9047-2DC1840F3A97}.Debug|x64.Build.0 = Debug|x64
		{7E40E900-740A-4E81-9047-2DC1840F3A97}.Debug|x86.ActiveCfg = Debug|Win32
		{7E40E900-740A-4E81-9047-2DC1840F3A97}.Debug|x86.Build.0 = Debug|Win32
		{7E40E900-740A-4E81-9047-2DC1840F3A97}.Release|x64.ActiveCfg = Release|x64
		{7E40E900-740A-4E81-9047-2DC1840F3A97}.Release|x64.Build.0 = Release|x64
		{7E40E900-740A-4E81-9047-2DC1840F3A97}.Release|x86.ActiveCfg = Release|Win32
		{7E40E900-740A-4E81-9047-2DC1840F3A97}.Release|x86.Build.0 = Release|Win32
		{AF8B2CCA-F391-46A7-A014-9B00B5C40B61}.Debug|x64.ActiveCfg = Debug|x64
		{AF8B2CCA-F391-46A7-A014-9B00B5C40B61}.Debug|x64.Build.0 = Debug|x64
		{AF8B2CCA-F391-46A7-A014-9B00B5C40B61}.Debug|x86.ActiveCfg = Debug|Win32
		{AF8B2CCA-F391-46A7-A014-9B00B5C40B61}.Debug|x86.Build.0 = Debug|Win32
		{AF8B2CCA-F391-46A7-A014-9B00B5C40B61}.Release|x64.ActiveCfg = Release|x64
		{AF8B2CCA-F391-46A7-A014-9B00B5C40B61}.Release|x64.Build.0 = Release|x64
		{AF8B2CCA-F391-46A7-A014-9B00B5C40B61}.Release|x86.ActiveCfg = Release|Win32
		{AF8B2CCA-F391-46A7-A014-9B00B5C40B61}.Release|x86.Build.0 = Release|Win32
		{156CA061-142C-4ACE-9460-31B723D89104}.Debug|x64.ActiveCfg = Debug|x64
		{156CA061-142C-4ACE-9460-31B723D89104}.Debug|x64.Build.0 = Debug|x64
		{156CA061-142C-4ACE-9460-31B723D89104}.Debug|x86.ActiveCfg = Debug|Win32
		{156CA061-142C-4ACE-9460-31B723D89104}.Debug|x86.Build.0 = Debug|Win32
		{156CA061-142C-4ACE-9460-31B723D89104}.Release|x64.ActiveCfg = Release|x64
		{156CA061-142C-4ACE-9460-31B723D89104}.Release|x64.Build.0 = Release|x64
		{156CA061-142C-4ACE-9460-31B723D89104}.Release|x86.ActiveCfg = Release|Win32
		{156CA061-142C-4ACE-9460-31B723D89104}.Release|x86.Build.0 = Release|Win32
		{72C83279-C35B-4DAE-A0BF-799A732AD1A6}.Debug|x64.ActiveCfg = Debug|x64
		{72C83279-C35B-4DAE-A0BF-799A732AD1A6}.Debug|x64.Build.0 = Debug|x64
		{72C83279-C35B-4DAE-A0BF-799A732AD1A6}.Debug|x86.ActiveCfg = Debug|Win32
		{72C83279-C35B-4DAE-A0BF-799A732AD1A6}.Debug|x86.Build.0 = Debug|Win32
		{72C83279-C35B-4DAE-A0BF-799A732AD1A6}.Release|x64.ActiveCfg = Release|x64
		{72C83279-C35B-4DAE-A0BF-799A732AD1A6}.Release|x64.Build.0 = Release|x64
		{72C83279-C35B-4DAE-A0BF-799A732AD1A6}.Release|x86.ActiveCfg = Release|Win32
		{72C83279-C35B-4DAE-A0BF-799A732AD1A6}.Release|x86.Build.0 = Release|Win32
		{4EE41EE2-DA11-4463-A80A-2288B28B10A9}.Debug|x64.ActiveCfg = Debug|x64
		{4EE41EE2-DA11-4463-A80A-2288B28B10A9}.Debug|x64.Build.0 = Debug|x64
		{4EE41EE2-DA11-4463-A80A-2288B28B10A9}.Debug|x86.ActiveCfg = Debug|Win32
		{4EE41EE2-DA11-4463-A80A-2288B28B10A9}.Debug|x86.Build.0 = Debug|Win32
		{4EE41EE2-DA11-4463-A80A-2288B28B10A9}.Release|x64.ActiveCfg = Release|x64
		{4EE41EE2-DA11-4463-A80A-2288B28B10A9}.Release|x64.Build.0 = Release|x64
		{4EE41EE2-DA11-4463-A80A-2288B28B10A9}.Release|x86.ActiveCfg = Release|Win32
		{4EE41EE2-DA11-4463-A80A-2288B28B10A9}.Release|x86.Build.0 = Release|Win32
		{25D2B664-1F7B-4515-9AFF-1FA27341EF7E}.Debug|x64.ActiveCfg = Debug|x64
		{25D2B664-1F7B-4515-9AFF-1FA27341EF7E}.Debug|x64.Build.0 = Debug|x64
		{25D2B664-1F7B-4515-9AFF-1FA27341EF7E}.Debug|x86.ActiveCfg = Debug|Win32
		{25D2B664-1F7B-4515-9AFF-1FA27341EF7E}.Debug|x86.Build.0 = Debug|Win32
		{25D2B664-1F7B-4515-9AFF-1FA27341EF7E}.Release|x64.ActiveCfg = Release|x64
		{25D2B664-1F7B-4515-9AFF-1FA27341EF7E}.Release|x64.Build.0 = Release|x64
		{25D2B664-1F7B-4515-9AFF-1FA27341EF7E}.Release|x86.ActiveCfg = Release|Win32
		{25D2B664-1F7B-4515-9AFF-1FA27341EF7E}.Release|x86.Build.0 = Release|Win32
		{3B018F5C-6807-48E9-836C-4275EFC4B53F}.Debug|x64.ActiveCfg = Debug|x64
		{3B018F5C-6807-48E9-836C-4275EFC4B53F}.Debug|x64.Build.0 = Debug|x64
		{3B018F5C-6807-48E9-836C-4275EFC4B53F}.Debug|x86.ActiveCfg = Debug|Win32
		{3B018F5C-6807-48E9-836C-4275EFC4B53F}.Debug|x86.Build.0 = Debug|Win32
		{3B018F5C-6807-48E9-836C-4275EFC4B53F}.Release|x64.ActiveCfg = Release|x64
		{3B018F5C-6807-48E9-836C-4275EFC4B53F}.Release|x64.Build.0 = Release|x64
		{3B018F5C-6807-48E9-836C-4275EFC4B53F}.Release|x86.ActiveCfg = Release|Win32
		{3B018F5C-6807-48E9-836C-4275EFC4B53F}.Release|x86.Build.0 = Release|Win32
		{281BF449-DBD0-4507-8384-CF32148849D7}.Debug|x64.ActiveCfg = Debug|x64
		{281BF449-DBD0-4507-8384-CF32148849D7}.Debug|x64.Build.0 = Debug|x64
		{281BF449-DBD0-4507-8384-CF32148849D7}.Debug|x86.ActiveCfg = Debug|Win32
		{281BF449-DBD0-4507-8384-CF32148849D7}.Debug|x86.Build.0 = Debug|Win32
		{281BF449-DBD0-4507-8384-CF32148849D7}.Release|x64.ActiveCfg = Release|x64
		{281BF449-DBD0-4507-8384-CF32148849D7}.Release|x64.Build.0 = Release|x64
		{281BF449-DBD0-4507-8384-CF32148849D7}.Release|x86.ActiveCfg = Release|Win32
		{281BF449-DBD0-4507-8384-CF32148849D7}.Release|x86.Build.0 = Release|Win32
		{D433ECDB-32C4-4210-9A3A-88556DD0C778}.Debug|x64.ActiveCfg = Debug|x64
		{D433ECDB-32C4-4210-9A3A-88556DD0C778}.Debug|x64.Build.0 = Debug|x64
		{D433ECDB-32C4-4210-9A3A-88556DD0C778}.Debug|x86.ActiveCfg = Debug|Win32
		{D433ECDB-32C4-4210-9A3A-88556DD0C778}.Debug|x86.Build.0 = Debug|Win32
		{D433ECDB-32C4-4210-9A3A-88556DD0C778}.Release|x64.ActiveCfg = Release|x64
		{D433ECDB-32C4-4210-9A3A-88556DD0C778}.Release|x64.Build.0 = Release|x64
		{D433ECDB-32C4-4210-9A3A-88556DD0C778}.Release|x86.ActiveCfg = Release|Win32
		{D433ECDB-32C4-4210-9A3A-88556DD0C778}.Release|x86.Build.0 = Release|Win32
		{30A49B60-D2D4-461A-97BF-728A84012990}.Debug|x64.ActiveCfg = Debug|x64
		{30A49B60-D2D4-461A-97BF-728A84012990}.Debug|x64.Build.0 = Debug|x64
		{30A49B60-D2D4-461A-97BF-728A84012990}.Debug|x86.ActiveCfg = Debug|Win32
		{30A49B60-D2D4-461A-97BF-728A84012990}.Debug|x86.Build.0 = Debug|Win32
		{30A49B60-D2D4-461A-97BF-728A84012990}.Release|x64.ActiveCfg = Release|x64
		{30A49B60-D2D4-461A-97BF-728A84012990}.Release|x64.Build.0 = Release|x64
		{30A49B60-D2D4-461A-97BF-728A84012990}.Release|x86.ActiveCfg = Release|Win32
		{30A49B60-D2D4-461A-97BF-728A84012990}.Release|x86.Build.0 = Release|Win32
		{09869204-38FC-4AF4-84BC-AD6731DF5DE7}.Debug|x64.ActiveCfg = Debug|x64
		{09869204-38FC-4AF4-84BC-AD6731DF5DE7}.Debug|x64.Build.0 = Debug|x64
		{09869204-38FC-4AF4-84BC-AD6731DF5DE7}.Debug|x86.ActiveCfg = Debug|Win32
		{09869204-38FC-4AF4-84BC-AD6731DF5DE7}.Debug|x86.Build.0 = Debug|Win32
		{09869204-38FC-4AF4-84BC-AD6731DF5DE7}.Release|x64.ActiveCfg = Release|x64
		{09869204-38FC-4AF4-84BC-AD6731DF5DE7}.Release|x64.Build.0 = Release|x64
		{09869204-38FC-4AF4-84BC-AD6731DF5DE7}.Release|x86.ActiveCfg = Release|Win32
		{09869204-38FC-4AF4-84BC-AD6731DF5DE7}.Release|x86.Build.0 = Release|Win32
		{C4BD1789-00EB-46D9-9CD3-24675378D7D4}.Debug|x64.ActiveCfg = Debug|x64
		{C4BD1789-00EB-46D9-9CD3-24675378D7D4}.Debug|x64.Build.0 = Debug|x64
		{C4BD1789-00EB-46D9-9CD3-24675378D7D4}.Debug|x86.ActiveCfg = Debug|Win32
		{C4BD1789-00EB-46D9-9CD3-24675378D7D4}.Debug|x86.Build.0 = Debug|Win32
		{C4BD1789-00EB-46D9-9CD3-24675378D7D4}.Release|x64.ActiveCfg = Release|x64
		{C4BD1789-00EB-46D9-9CD3-24675378D7D4}.Release|x64.Build.0 = Release|x64
		{C4BD1789-00EB-46D9-9CD3-24675378D7D4}.Release|x86.ActiveCfg = Release|Win32
		{C4BD1789-00EB-46D9-9CD3-24675378D7D4}.Release|x86.Build.0 = Release|Win32
		{E7F8B35C-0180-4B34-A4E2-28E0BF68CB8C}.Debug|x64.ActiveCfg = Debug|x64
		{E7F8B35C-0180-4B34-A4E2-28E0BF68CB8C}.Debug|x64.Build.0 = Debug|x64
		{E7F8B35C-0180-4B34-A4E2-28E0BF68CB8C}.Debug|x86.ActiveCfg = Debug|Win32
		{E7F8B35C-0180-4B34-A4E2-28E0BF68CB8C}.Debug|x86.Build.0 = Debug|Win32
		{E7F8B35C-0180-4B34-A4E2-28E0BF68CB8C}.Release|x64.ActiveCfg = Release|x64
		{E7F8B35C-0180-4B34-A4E2-28E0BF68CB8C}.Release|x64.Build.0 = Release|x64
		{E7F8B35C-0180-4B34-A4E2-28E0BF68CB8C}.Release|x86.ActiveCfg = Release|Win32
		{E7F8B35C-0180-4B34-A4E2-28E0BF68CB8C}.Release|x86.Build.0 = Release|Win32
		{5D5DAC15-B0D3-405D-8101-882A02D895BA}.Debug|x64.ActiveCfg = Debug|x64
		{5D5DAC15-B0D3-405D-8101-882A02D895BA}.Debug|x64.Build.0 = Debug|x64
		{5D5DAC15-B0D3-405D-8101-882A02D895BA}.Debug|x86.ActiveCfg = Debug|Win32
		{5D5DAC15-B0D3-405D-8101-882A02D895BA}.Debug|x86.Build.0 = Debug|Win32
		{5D5DAC15-B0D3-405D-8101-882A02D895BA}.Release|x64.ActiveCfg = Release|x64
		{5D5DAC15-B0D3-405D-8101-882A02D895BA}.Release|x64.Build.0 = Release|x64
		{5D5DAC15-B0D3-405D-8101-882A02D895BA}.Release|x86.ActiveCfg = Release|Win32
		{5D5DAC15-B0D3-405D-8101-882A02D895BA}.Release|x86.Build.0 = Release|Win32
		{EE59DCE6-6264-4C6E-B373-D8CDB6AEF03E}.Debug|x64.ActiveCfg = Debug|x64
		{EE59DCE6-6264-4C6E-B373-D8CDB6AEF03E}.Debug|x64.Build.0 = Debug|x64
		{EE59DCE6-6264-4C6E-B373-D8CDB6AEF03E}.Debug|x86.ActiveCfg = Debug|Win32
		{EE59DCE6-6264-4C6E-B373-D8CDB6AEF03E}.Debug|x86.Build.0 = Debug|Win32
		{EE59DCE6-6264-4C6E-B373-D8CDB6AEF03E}.Release|x64.ActiveCfg = Release|x64
		{EE59DCE6-6264-4C6E-B373-D8CDB6AEF03E}.Release|x64.Build.0 = Release|x64
		{EE59DCE6-6264-4C6E-B373-D8CDB6AEF03E}.Release|x86.ActiveCfg = Release|Win32
		{EE59DCE6-6264-4C6E-B373-D8CDB6AEF03E}.Release|x86.Build.0 = Release|Win32
		{8433A003-C8DB-47A5-B304-611AE286CF31}.Debug|x64.ActiveCfg = Debug|x64
		{8433A003-C8DB-47A5-B304-611AE286CF31}.Debug|x64.Build.0 = Debug|x64
		{8433A003-C8DB-47A5-B304-611AE286CF31}.Debug|x86.ActiveCfg = Debug|Win32
		{8433A003-C8DB-47A5-B304-611AE286CF31}.Debug|x86.Build.0 = Debug|Win32
		{8433A003-C8DB-47A5-B304-611AE286CF31}.Release|x64.ActiveCfg = Release|x64
		{8433A003-C8DB-47A5-B304-611AE286CF31}.Release|x64.Build.0 = Release|x64
		{8433A003-C8DB-47A5-B304-611AE286CF31}.Release|x86.ActiveCfg = Release|Win32
		{8433A003-C8DB-47A5-B304-611AE286CF31}.Release|x86.Build.0 = Release|Win32
		{D4CDBC28-3D39-4E42-9384-26CD682A2E9A}.Debug|x64.ActiveCfg = Debug|x64
		{D4CDBC28-3D39-4E42-9384-26CD682A2E9A}.Debug|x64.Build.0 = Debug|x64
		{D4CDBC28-3D39-4E42-9384-26CD682A2E9A}.Debug|x86.ActiveCfg = Debug|Win32
		{D4CDBC28-3D39-4E42-9384-26CD682A2E9A}.Debug|x86.Build.0 = Debug|Win32
		{D4CDBC28-3D39-4E42-9384-26CD682A2E9A}.Release|x64.ActiveCfg = Release|x64
		{D4CDBC28-3D39-4E42-9384-26CD682A2E9A}.Release|x64.Build.0 = Release|x64
		{D4CDBC28-3D39-4E42-9384-26CD682A2E9A}.Release|x86.ActiveCfg = Release|Win32
		{D4CDBC28-3D39-4E42-9384-26CD682A2E9A}.Release|x86.Build.0 = Release|Win32
		{89C54459-840C-41DA-9E93-376C64924192}.Debug|x64.ActiveCfg = Debug|x64
		{89C54459-840C-41DA-9E93-376C64924192}.Debug|x64.Build.0 = Debug|x64
		{89C54459-840C-41DA-9E93-376C64924192}.Debug|x86.ActiveCfg = Debug|Win32
		{89C54459-840C-41DA-9E93-376C64924192}.Debug|x86.Build.0 = Debug|Win32
		{89C54459-840C-41DA-9E93-376C64924192}.Release|x64.ActiveCfg = Release|x64
		{89C54459-840C-41DA-9E93-376C64924192}.Release|x64.Build.0 = Release|x64
		{89C54459-840C-41DA-9E93-376C64924192}.Release|x86.ActiveCfg = Release|Win32
		{89C54459-840C-41DA-9E93-376C64924192}.Release|x86.Build.0 = Release|Win32
		{504288FC-E0D8-4A96-8D24-C5118ACF5C10}.Debug|x64.ActiveCfg = Debug|x64
		{504288FC-E0D8-4A96-8D24-C5118ACF5C10}.Debug|x64.Build.0 = Debug|x64
		{504288FC-E0D8-4A96-8D24-C5118ACF5C10}.Debug|x86.ActiveCfg = Debug|Win32
		{504288FC-E0D8-4A96-8D24-C5118ACF5C10}.Debug|x86.Build.0 = Debug|Win32
		{504288FC-E0D8-4A96-8D24-C5118ACF5C10}.Release|x64.ActiveCfg = Release|x64
		{504288FC-E0D8-4A96-8D24-C5118ACF5C10}.Release|x64.Build.0 = Release|x64
		{504288FC-E0D8-4A96-8D24-C5118ACF5C10}.Release|x86.ActiveCfg = Release|Win32
		{504288FC-E0D8-4A96-8D24-C5118ACF5C10}.Release|x86.Build.0 = Release|Win32
		{C316BDA4-46E4-4522-8158-ADADCAF1A9DF}.Debug|x64.ActiveCfg = Debug|x64
		{C316BDA4-46E4-4522-8158-ADADCAF1A9DF}.Debug|x64.Build.0 = Debug|x64
		{C316BDA4-46E4-4522-8158-ADADCAF1A9DF}.Debug|x86.ActiveCfg = Debug|Win32
		{C316BDA4-46E4-4522-8158-ADADCAF1A9DF}.Debug|x86.Build.0 = Debug|Win32
		{C316BDA4-46E4-4522-8158-ADADCAF1A9DF}.Release|x64.ActiveCfg = Release|x64
		{C316BDA4-46E4-4522-8158-ADADCAF1A9DF}.Release|x64.Build.0 = Release|x64
		{C316BDA4-46E4-4522-8158-ADADCAF1A9DF}.Release|x86.ActiveCfg = Release|Win32
		{C316BDA4-46E4-4522-8158-ADADCAF1A9DF}.Release|x86.Build.0 = Release|Win32
		{3C1B13F2-2311-4C34-B521-D8581E5A51BE}.Debug|x64.ActiveCfg = Debug|x64
		{3C1B13F2-2311-4C34-B521-D8581E5A51BE}.Debug|x64.Build.0 = Debug|x64
		{3C1B13F2-2311-4C34-B521-D8581E5A51BE}.Debug|x86.ActiveCfg = Debug|Win32
		{3C1B13F2-2311-4C34-B521-D8581E5A51BE}.Debug|x86.Build.0 = Debug|Win32
		{3C1B13F2-2311-4C34-B521-D8581E5A51BE}.Release|x64.ActiveCfg = Release|x64
		{3C1B13F2-2311-4C34-B521-D8581E5A51BE}.Release|x64.Build.0 = Release|x64
		{3C1B13F2-2311-4C34-B521-D8581E5A51BE}.Release|x86.ActiveCfg = Release|Win32
		{3C1B13F2-2311-4C34-B521-D8581E5A51BE}.Release|x86.Build.0 = Release|Win32
		{A7B35047-3028-4C80-951C-1A6DD50C6620}.Debug|x64.ActiveCfg = Debug|x64
		{A7B35047-3028-4C80-951C-1A6DD50C6620}.Debug|x64.Build.0 = Debug|x64
		{A7B35047-3028-4C80-951C-1A6DD50C6620}.Debug|x86.ActiveCfg = Debug|Win32
		{A7B35047-3028-4C80-951C-1A6DD50C6620}.Debug|x86.Build.0 = Debug|Win32
		{A7B35047-3028-4C80-951C-1A6DD50C6620}.Release|x64.ActiveCfg = Release|x64
		{A7B35047-3028-4C80-951C-1A6DD50C6620}.Release|x64.Build.0 = Release|x64
		{A7B35047-3028-4C80-951C-1A6DD50C6620}.Release|x86.ActiveCfg = Release|Win32
		{A7B35047-3028-4C80-951C-1A6DD50C6620}.Release|x86.Build.0 = Release|Win32
		{74905A0E-77EB-46F8-86C7-DCE6688FBB04}.Debug|x64.ActiveCfg = Debug|x64
		{74905A0E-77EB-46F8-86C7-DCE6688FBB04}.Debug|x64.Build.0 = Debug|x64
		{74905A0E-77EB-46F8-86C7-DCE6688FBB04}.Debug|x86.ActiveCfg = Debug|Win32
		{74905A0E-77EB-46F8-86C7-DCE6688FBB04}.Debug|x86.Build.0 = Debug|Win32
		{74905A0E-77EB-46F8-86C7-DCE6688FBB04}.Release|x64.ActiveCfg = Release|x64
		{74905A0E-77EB-46F8-86C7-DCE6688FBB04}.Release|x64.Build.0 = Release|x64
		{74905A0E-77EB-46F8-86C7-DCE6688FBB04}.Release|x86.ActiveCfg = Release|Win32
		{74905A0E-77EB-46F8-86C7-DCE6688FBB04}.Release|x86.Build.0 = Release|Win32
	EndGlobalSection
	GlobalSection(SolutionProperties) = preSolution
		HideSolutionNode = FALSE
	EndGlobalSection
	GlobalSection(ExtensibilityGlobals) = postSolution
		SolutionGuid = {2C73AC48-16AD-4BE8-99C7-F35AAFD0F6CA}
	EndGlobalSection
EndGlobal
