
Microsoft Visual Studio Solution File, Format Version 12.00
# Visual Studio 15
VisualStudioVersion = 15.0.27004.2005
MinimumVisualStudioVersion = 10.0.40219.1
Project("{8BC9CEB8-8B4A-11D0-8D11-00A0C91BC942}") = "HelloWorld", "HelloWorld\HelloWorld.vcxproj", "{CFECA983-5774-4B4B-86B7-2BA4BA1C4A5D}"
EndProject
Project("{8BC9CEB8-8B4A-11D0-8D11-00A0C91BC942}") = "ScreenSize", "ScreenSize\ScreenSize.vcxproj", "{6D87F044-A8D3-4C84-8662-22FE02C02147}"
EndProject
Project("{8BC9CEB8-8B4A-11D0-8D11-00A0C91BC942}") = "HelloWindows", "HelloWindows\HelloWindows.vcxproj", "{4255F639-48F0-423B-A8E2-AF89BDB04874}"
EndProject
Project("{8BC9CEB8-8B4A-11D0-8D11-00A0C91BC942}") = "SystemMetrics", "SystemMetrics\SystemMetrics.vcxproj", "{A2FE2E1E-A8D3-47DD-BC31-A0DBAA2B9F69}"
EndProject
Project("{8BC9CEB8-8B4A-11D0-8D11-00A0C91BC942}") = "SystemMetrics2", "SystemMetrics2\SystemMetrics2.vcxproj", "{A168211F-9B99-435C-A0B3-83D40E4C2FC3}"
EndProject
Project("{8BC9CEB8-8B4A-11D0-8D11-00A0C91BC942}") = "SystemMetrics3", "SystemMetrics3\SystemMetrics3.vcxproj", "{1D9BF8A6-97B2-433A-91D8-984F64558A63}"
EndProject
Project("{8BC9CEB8-8B4A-11D0-8D11-00A0C91BC942}") = "DeviceCapabilities", "DeviceCapacity\DeviceCapacity.vcxproj", "{05BA4C41-EE66-4974-AA66-ED4DE7821832}"
EndProject
Project("{8BC9CEB8-8B4A-11D0-8D11-00A0C91BC942}") = "SineWave", "SineWave\SineWave.vcxproj", "{B08C2918-B1E0-4B38-9827-1F03F59314F5}"
EndProject
Project("{8BC9CEB8-8B4A-11D0-8D11-00A0C91BC942}") = "LineDemo", "LineDemo\LineDemo.vcxproj", "{03B01AEA-6E84-4DF8-A901-F78B0F3FCDA8}"
EndProject
Project("{8BC9CEB8-8B4A-11D0-8D11-00A0C91BC942}") = "Bezier", "Bezier\Bezier.vcxproj", "{AFB72D8F-A4A8-4368-BC1C-AEBF2982F714}"
EndProject
Project("{8BC9CEB8-8B4A-11D0-8D11-00A0C91BC942}") = "AltWind", "AltWind\AltWind.vcxproj", "{29614DAD-601D-4472-85B8-A47C6E87870A}"
EndProject
Project("{8BC9CEB8-8B4A-11D0-8D11-00A0C91BC942}") = "WhatSize", "WhatSize\WhatSize.vcxproj", "{FF35BDF7-9E76-4F59-A73F-F03C8731DD67}"
EndProject
Project("{8BC9CEB8-8B4A-11D0-8D11-00A0C91BC942}") = "RandRect", "RandRect\RandRect.vcxproj", "{EC514610-7C42-4F87-8196-7C2B5B5978B5}"
EndProject
Project("{8BC9CEB8-8B4A-11D0-8D11-00A0C91BC942}") = "Clover", "Clover\Clover.vcxproj", "{6FC55134-7963-4D38-BEA3-6EF6EF89A2BC}"
EndProject
Project("{8BC9CEB8-8B4A-11D0-8D11-00A0C91BC942}") = "SystemMetrics4", "SystemMetrics4\SystemMetrics4.vcxproj", "{F7063767-5E80-4D6C-B5A3-7BEB14D492F8}"
EndProject
Project("{8BC9CEB8-8B4A-11D0-8D11-00A0C91BC942}") = "KeyView", "KeyView\KeyView.vcxproj", "{63708DD9-0871-4A8D-9DF6-09E7957EA096}"
EndProject
Project("{8BC9CEB8-8B4A-11D0-8D11-00A0C91BC942}") = "StokFont", "StokFont\StokFont.vcxproj", "{CB46322D-2E8D-4ABD-B065-BA02F1467BB4}"
EndProject
Project("{8BC9CEB8-8B4A-11D0-8D11-00A0C91BC942}") = "KeyView2", "KeyView2\KeyView2.vcxproj", "{05FD8CAC-2903-4044-BEB6-2B5340A2C5B5}"
EndProject
Project("{8BC9CEB8-8B4A-11D0-8D11-00A0C91BC942}") = "Typer", "Typer\Typer.vcxproj", "{1E67DCAC-6E12-4F91-90FA-3091181138AC}"
EndProject
Project("{8BC9CEB8-8B4A-11D0-8D11-00A0C91BC942}") = "Connect", "Connect\Connect.vcxproj", "{9B930857-C6F7-4276-B5B9-D482F0510A9F}"
EndProject
Project("{8BC9CEB8-8B4A-11D0-8D11-00A0C91BC942}") = "Checker", "Checker\Checker.vcxproj", "{3C7B0CF8-0275-4D02-B643-12D1615BB07D}"
EndProject
Project("{8BC9CEB8-8B4A-11D0-8D11-00A0C91BC942}") = "Checker2", "Checker2\Checker2.vcxproj", "{A5CDDED3-2926-415E-8E11-392C7E540D4A}"
EndProject
Project("{8BC9CEB8-8B4A-11D0-8D11-00A0C91BC942}") = "Checker3", "Checker3\Checker3.vcxproj", "{7E40E900-740A-4E81-9047-2DC1840F3A97}"
EndProject
Project("{8BC9CEB8-8B4A-11D0-8D11-00A0C91BC942}") = "Checker4", "Checker4\Checker4.vcxproj", "{AF8B2CCA-F391-46A7-A014-9B00B5C40B61}"
EndProject
Global
	GlobalSection(SolutionConfigurationPlatforms) = preSolution
		Debug|x64 = Debug|x64
		Debug|x86 = Debug|x86
		Release|x64 = Release|x64
		Release|x86 = Release|x86
	EndGlobalSection
	GlobalSection(ProjectConfigurationPlatforms) = postSolution
		{CFECA983-5774-4B4B-86B7-2BA4BA1C4A5D}.Debug|x64.ActiveCfg = Debug|x64
		{CFECA983-5774-4B4B-86B7-2BA4BA1C4A5D}.Debug|x64.Build.0 = Debug|x64
		{CFECA983-5774-4B4B-86B7-2BA4BA1C4A5D}.Debug|x86.ActiveCfg = Debug|Win32
		{CFECA983-5774-4B4B-86B7-2BA4BA1C4A5D}.Debug|x86.Build.0 = Debug|Win32
		{CFECA983-5774-4B4B-86B7-2BA4BA1C4A5D}.Release|x64.ActiveCfg = Release|x64
		{CFECA983-5774-4B4B-86B7-2BA4BA1C4A5D}.Release|x64.Build.0 = Release|x64
		{CFECA983-5774-4B4B-86B7-2BA4BA1C4A5D}.Release|x86.ActiveCfg = Release|Win32
		{CFECA983-5774-4B4B-86B7-2BA4BA1C4A5D}.Release|x86.Build.0 = Release|Win32
		{6D87F044-A8D3-4C84-8662-22FE02C02147}.Debug|x64.ActiveCfg = Debug|x64
		{6D87F044-A8D3-4C84-8662-22FE02C02147}.Debug|x64.Build.0 = Debug|x64
		{6D87F044-A8D3-4C84-8662-22FE02C02147}.Debug|x86.ActiveCfg = Debug|Win32
		{6D87F044-A8D3-4C84-8662-22FE02C02147}.Debug|x86.Build.0 = Debug|Win32
		{6D87F044-A8D3-4C84-8662-22FE02C02147}.Release|x64.ActiveCfg = Release|x64
		{6D87F044-A8D3-4C84-8662-22FE02C02147}.Release|x64.Build.0 = Release|x64
		{6D87F044-A8D3-4C84-8662-22FE02C02147}.Release|x86.ActiveCfg = Release|Win32
		{6D87F044-A8D3-4C84-8662-22FE02C02147}.Release|x86.Build.0 = Release|Win32
		{4255F639-48F0-423B-A8E2-AF89BDB04874}.Debug|x64.ActiveCfg = Debug|x64
		{4255F639-48F0-423B-A8E2-AF89BDB04874}.Debug|x64.Build.0 = Debug|x64
		{4255F639-48F0-423B-A8E2-AF89BDB04874}.Debug|x86.ActiveCfg = Debug|Win32
		{4255F639-48F0-423B-A8E2-AF89BDB04874}.Debug|x86.Build.0 = Debug|Win32
		{4255F639-48F0-423B-A8E2-AF89BDB04874}.Release|x64.ActiveCfg = Release|x64
		{4255F639-48F0-423B-A8E2-AF89BDB04874}.Release|x64.Build.0 = Release|x64
		{4255F639-48F0-423B-A8E2-AF89BDB04874}.Release|x86.ActiveCfg = Release|Win32
		{4255F639-48F0-423B-A8E2-AF89BDB04874}.Release|x86.Build.0 = Release|Win32
		{A2FE2E1E-A8D3-47DD-BC31-A0DBAA2B9F69}.Debug|x64.ActiveCfg = Debug|x64
		{A2FE2E1E-A8D3-47DD-BC31-A0DBAA2B9F69}.Debug|x64.Build.0 = Debug|x64
		{A2FE2E1E-A8D3-47DD-BC31-A0DBAA2B9F69}.Debug|x86.ActiveCfg = Debug|Win32
		{A2FE2E1E-A8D3-47DD-BC31-A0DBAA2B9F69}.Debug|x86.Build.0 = Debug|Win32
		{A2FE2E1E-A8D3-47DD-BC31-A0DBAA2B9F69}.Release|x64.ActiveCfg = Release|x64
		{A2FE2E1E-A8D3-47DD-BC31-A0DBAA2B9F69}.Release|x64.Build.0 = Release|x64
		{A2FE2E1E-A8D3-47DD-BC31-A0DBAA2B9F69}.Release|x86.ActiveCfg = Release|Win32
		{A2FE2E1E-A8D3-47DD-BC31-A0DBAA2B9F69}.Release|x86.Build.0 = Release|Win32
		{A168211F-9B99-435C-A0B3-83D40E4C2FC3}.Debug|x64.ActiveCfg = Debug|x64
		{A168211F-9B99-435C-A0B3-83D40E4C2FC3}.Debug|x64.Build.0 = Debug|x64
		{A168211F-9B99-435C-A0B3-83D40E4C2FC3}.Debug|x86.ActiveCfg = Debug|Win32
		{A168211F-9B99-435C-A0B3-83D40E4C2FC3}.Debug|x86.Build.0 = Debug|Win32
		{A168211F-9B99-435C-A0B3-83D40E4C2FC3}.Release|x64.ActiveCfg = Release|x64
		{A168211F-9B99-435C-A0B3-83D40E4C2FC3}.Release|x64.Build.0 = Release|x64
		{A168211F-9B99-435C-A0B3-83D40E4C2FC3}.Release|x86.ActiveCfg = Release|Win32
		{A168211F-9B99-435C-A0B3-83D40E4C2FC3}.Release|x86.Build.0 = Release|Win32
		{1D9BF8A6-97B2-433A-91D8-984F64558A63}.Debug|x64.ActiveCfg = Debug|x64
		{1D9BF8A6-97B2-433A-91D8-984F64558A63}.Debug|x64.Build.0 = Debug|x64
		{1D9BF8A6-97B2-433A-91D8-984F64558A63}.Debug|x86.ActiveCfg = Debug|Win32
		{1D9BF8A6-97B2-433A-91D8-984F64558A63}.Debug|x86.Build.0 = Debug|Win32
		{1D9BF8A6-97B2-433A-91D8-984F64558A63}.Release|x64.ActiveCfg = Release|x64
		{1D9BF8A6-97B2-433A-91D8-984F64558A63}.Release|x64.Build.0 = Release|x64
		{1D9BF8A6-97B2-433A-91D8-984F64558A63}.Release|x86.ActiveCfg = Release|Win32
		{1D9BF8A6-97B2-433A-91D8-984F64558A63}.Release|x86.Build.0 = Release|Win32
		{05BA4C41-EE66-4974-AA66-ED4DE7821832}.Debug|x64.ActiveCfg = Debug|x64
		{05BA4C41-EE66-4974-AA66-ED4DE7821832}.Debug|x64.Build.0 = Debug|x64
		{05BA4C41-EE66-4974-AA66-ED4DE7821832}.Debug|x86.ActiveCfg = Debug|Win32
		{05BA4C41-EE66-4974-AA66-ED4DE7821832}.Debug|x86.Build.0 = Debug|Win32
		{05BA4C41-EE66-4974-AA66-ED4DE7821832}.Release|x64.ActiveCfg = Release|x64
		{05BA4C41-EE66-4974-AA66-ED4DE7821832}.Release|x64.Build.0 = Release|x64
		{05BA4C41-EE66-4974-AA66-ED4DE7821832}.Release|x86.ActiveCfg = Release|Win32
		{05BA4C41-EE66-4974-AA66-ED4DE7821832}.Release|x86.Build.0 = Release|Win32
		{B08C2918-B1E0-4B38-9827-1F03F59314F5}.Debug|x64.ActiveCfg = Debug|x64
		{B08C2918-B1E0-4B38-9827-1F03F59314F5}.Debug|x64.Build.0 = Debug|x64
		{B08C2918-B1E0-4B38-9827-1F03F59314F5}.Debug|x86.ActiveCfg = Debug|Win32
		{B08C2918-B1E0-4B38-9827-1F03F59314F5}.Debug|x86.Build.0 = Debug|Win32
		{B08C2918-B1E0-4B38-9827-1F03F59314F5}.Release|x64.ActiveCfg = Release|x64
		{B08C2918-B1E0-4B38-9827-1F03F59314F5}.Release|x64.Build.0 = Release|x64
		{B08C2918-B1E0-4B38-9827-1F03F59314F5}.Release|x86.ActiveCfg = Release|Win32
		{B08C2918-B1E0-4B38-9827-1F03F59314F5}.Release|x86.Build.0 = Release|Win32
		{03B01AEA-6E84-4DF8-A901-F78B0F3FCDA8}.Debug|x64.ActiveCfg = Debug|x64
		{03B01AEA-6E84-4DF8-A901-F78B0F3FCDA8}.Debug|x64.Build.0 = Debug|x64
		{03B01AEA-6E84-4DF8-A901-F78B0F3FCDA8}.Debug|x86.ActiveCfg = Debug|Win32
		{03B01AEA-6E84-4DF8-A901-F78B0F3FCDA8}.Debug|x86.Build.0 = Debug|Win32
		{03B01AEA-6E84-4DF8-A901-F78B0F3FCDA8}.Release|x64.ActiveCfg = Release|x64
		{03B01AEA-6E84-4DF8-A901-F78B0F3FCDA8}.Release|x64.Build.0 = Release|x64
		{03B01AEA-6E84-4DF8-A901-F78B0F3FCDA8}.Release|x86.ActiveCfg = Release|Win32
		{03B01AEA-6E84-4DF8-A901-F78B0F3FCDA8}.Release|x86.Build.0 = Release|Win32
		{AFB72D8F-A4A8-4368-BC1C-AEBF2982F714}.Debug|x64.ActiveCfg = Debug|x64
		{AFB72D8F-A4A8-4368-BC1C-AEBF2982F714}.Debug|x64.Build.0 = Debug|x64
		{AFB72D8F-A4A8-4368-BC1C-AEBF2982F714}.Debug|x86.ActiveCfg = Debug|Win32
		{AFB72D8F-A4A8-4368-BC1C-AEBF2982F714}.Debug|x86.Build.0 = Debug|Win32
		{AFB72D8F-A4A8-4368-BC1C-AEBF2982F714}.Release|x64.ActiveCfg = Release|x64
		{AFB72D8F-A4A8-4368-BC1C-AEBF2982F714}.Release|x64.Build.0 = Release|x64
		{AFB72D8F-A4A8-4368-BC1C-AEBF2982F714}.Release|x86.ActiveCfg = Release|Win32
		{AFB72D8F-A4A8-4368-BC1C-AEBF2982F714}.Release|x86.Build.0 = Release|Win32
		{29614DAD-601D-4472-85B8-A47C6E87870A}.Debug|x64.ActiveCfg = Debug|x64
		{29614DAD-601D-4472-85B8-A47C6E87870A}.Debug|x64.Build.0 = Debug|x64
		{29614DAD-601D-4472-85B8-A47C6E87870A}.Debug|x86.ActiveCfg = Debug|Win32
		{29614DAD-601D-4472-85B8-A47C6E87870A}.Debug|x86.Build.0 = Debug|Win32
		{29614DAD-601D-4472-85B8-A47C6E87870A}.Release|x64.ActiveCfg = Release|x64
		{29614DAD-601D-4472-85B8-A47C6E87870A}.Release|x64.Build.0 = Release|x64
		{29614DAD-601D-4472-85B8-A47C6E87870A}.Release|x86.ActiveCfg = Release|Win32
		{29614DAD-601D-4472-85B8-A47C6E87870A}.Release|x86.Build.0 = Release|Win32
		{FF35BDF7-9E76-4F59-A73F-F03C8731DD67}.Debug|x64.ActiveCfg = Debug|x64
		{FF35BDF7-9E76-4F59-A73F-F03C8731DD67}.Debug|x64.Build.0 = Debug|x64
		{FF35BDF7-9E76-4F59-A73F-F03C8731DD67}.Debug|x86.ActiveCfg = Debug|Win32
		{FF35BDF7-9E76-4F59-A73F-F03C8731DD67}.Debug|x86.Build.0 = Debug|Win32
		{FF35BDF7-9E76-4F59-A73F-F03C8731DD67}.Release|x64.ActiveCfg = Release|x64
		{FF35BDF7-9E76-4F59-A73F-F03C8731DD67}.Release|x64.Build.0 = Release|x64
		{FF35BDF7-9E76-4F59-A73F-F03C8731DD67}.Release|x86.ActiveCfg = Release|Win32
		{FF35BDF7-9E76-4F59-A73F-F03C8731DD67}.Release|x86.Build.0 = Release|Win32
		{EC514610-7C42-4F87-8196-7C2B5B5978B5}.Debug|x64.ActiveCfg = Debug|x64
		{EC514610-7C42-4F87-8196-7C2B5B5978B5}.Debug|x64.Build.0 = Debug|x64
		{EC514610-7C42-4F87-8196-7C2B5B5978B5}.Debug|x86.ActiveCfg = Debug|Win32
		{EC514610-7C42-4F87-8196-7C2B5B5978B5}.Debug|x86.Build.0 = Debug|Win32
		{EC514610-7C42-4F87-8196-7C2B5B5978B5}.Release|x64.ActiveCfg = Release|x64
		{EC514610-7C42-4F87-8196-7C2B5B5978B5}.Release|x64.Build.0 = Release|x64
		{EC514610-7C42-4F87-8196-7C2B5B5978B5}.Release|x86.ActiveCfg = Release|Win32
		{EC514610-7C42-4F87-8196-7C2B5B5978B5}.Release|x86.Build.0 = Release|Win32
		{6FC55134-7963-4D38-BEA3-6EF6EF89A2BC}.Debug|x64.ActiveCfg = Debug|x64
		{6FC55134-7963-4D38-BEA3-6EF6EF89A2BC}.Debug|x64.Build.0 = Debug|x64
		{6FC55134-7963-4D38-BEA3-6EF6EF89A2BC}.Debug|x86.ActiveCfg = Debug|Win32
		{6FC55134-7963-4D38-BEA3-6EF6EF89A2BC}.Debug|x86.Build.0 = Debug|Win32
		{6FC55134-7963-4D38-BEA3-6EF6EF89A2BC}.Release|x64.ActiveCfg = Release|x64
		{6FC55134-7963-4D38-BEA3-6EF6EF89A2BC}.Release|x64.Build.0 = Release|x64
		{6FC55134-7963-4D38-BEA3-6EF6EF89A2BC}.Release|x86.ActiveCfg = Release|Win32
		{6FC55134-7963-4D38-BEA3-6EF6EF89A2BC}.Release|x86.Build.0 = Release|Win32
		{F7063767-5E80-4D6C-B5A3-7BEB14D492F8}.Debug|x64.ActiveCfg = Debug|x64
		{F7063767-5E80-4D6C-B5A3-7BEB14D492F8}.Debug|x64.Build.0 = Debug|x64
		{F7063767-5E80-4D6C-B5A3-7BEB14D492F8}.Debug|x86.ActiveCfg = Debug|Win32
		{F7063767-5E80-4D6C-B5A3-7BEB14D492F8}.Debug|x86.Build.0 = Debug|Win32
		{F7063767-5E80-4D6C-B5A3-7BEB14D492F8}.Release|x64.ActiveCfg = Release|x64
		{F7063767-5E80-4D6C-B5A3-7BEB14D492F8}.Release|x64.Build.0 = Release|x64
		{F7063767-5E80-4D6C-B5A3-7BEB14D492F8}.Release|x86.ActiveCfg = Release|Win32
		{F7063767-5E80-4D6C-B5A3-7BEB14D492F8}.Release|x86.Build.0 = Release|Win32
		{63708DD9-0871-4A8D-9DF6-09E7957EA096}.Debug|x64.ActiveCfg = Debug|x64
		{63708DD9-0871-4A8D-9DF6-09E7957EA096}.Debug|x64.Build.0 = Debug|x64
		{63708DD9-0871-4A8D-9DF6-09E7957EA096}.Debug|x86.ActiveCfg = Debug|Win32
		{63708DD9-0871-4A8D-9DF6-09E7957EA096}.Debug|x86.Build.0 = Debug|Win32
		{63708DD9-0871-4A8D-9DF6-09E7957EA096}.Release|x64.ActiveCfg = Release|x64
		{63708DD9-0871-4A8D-9DF6-09E7957EA096}.Release|x64.Build.0 = Release|x64
		{63708DD9-0871-4A8D-9DF6-09E7957EA096}.Release|x86.ActiveCfg = Release|Win32
		{63708DD9-0871-4A8D-9DF6-09E7957EA096}.Release|x86.Build.0 = Release|Win32
		{CB46322D-2E8D-4ABD-B065-BA02F1467BB4}.Debug|x64.ActiveCfg = Debug|x64
		{CB46322D-2E8D-4ABD-B065-BA02F1467BB4}.Debug|x64.Build.0 = Debug|x64
		{CB46322D-2E8D-4ABD-B065-BA02F1467BB4}.Debug|x86.ActiveCfg = Debug|Win32
		{CB46322D-2E8D-4ABD-B065-BA02F1467BB4}.Debug|x86.Build.0 = Debug|Win32
		{CB46322D-2E8D-4ABD-B065-BA02F1467BB4}.Release|x64.ActiveCfg = Release|x64
		{CB46322D-2E8D-4ABD-B065-BA02F1467BB4}.Release|x64.Build.0 = Release|x64
		{CB46322D-2E8D-4ABD-B065-BA02F1467BB4}.Release|x86.ActiveCfg = Release|Win32
		{CB46322D-2E8D-4ABD-B065-BA02F1467BB4}.Release|x86.Build.0 = Release|Win32
		{05FD8CAC-2903-4044-BEB6-2B5340A2C5B5}.Debug|x64.ActiveCfg = Debug|x64
		{05FD8CAC-2903-4044-BEB6-2B5340A2C5B5}.Debug|x64.Build.0 = Debug|x64
		{05FD8CAC-2903-4044-BEB6-2B5340A2C5B5}.Debug|x86.ActiveCfg = Debug|Win32
		{05FD8CAC-2903-4044-BEB6-2B5340A2C5B5}.Debug|x86.Build.0 = Debug|Win32
		{05FD8CAC-2903-4044-BEB6-2B5340A2C5B5}.Release|x64.ActiveCfg = Release|x64
		{05FD8CAC-2903-4044-BEB6-2B5340A2C5B5}.Release|x64.Build.0 = Release|x64
		{05FD8CAC-2903-4044-BEB6-2B5340A2C5B5}.Release|x86.ActiveCfg = Release|Win32
		{05FD8CAC-2903-4044-BEB6-2B5340A2C5B5}.Release|x86.Build.0 = Release|Win32
		{1E67DCAC-6E12-4F91-90FA-3091181138AC}.Debug|x64.ActiveCfg = Debug|x64
		{1E67DCAC-6E12-4F91-90FA-3091181138AC}.Debug|x64.Build.0 = Debug|x64
		{1E67DCAC-6E12-4F91-90FA-3091181138AC}.Debug|x86.ActiveCfg = Debug|Win32
		{1E67DCAC-6E12-4F91-90FA-3091181138AC}.Debug|x86.Build.0 = Debug|Win32
		{1E67DCAC-6E12-4F91-90FA-3091181138AC}.Release|x64.ActiveCfg = Release|x64
		{1E67DCAC-6E12-4F91-90FA-3091181138AC}.Release|x64.Build.0 = Release|x64
		{1E67DCAC-6E12-4F91-90FA-3091181138AC}.Release|x86.ActiveCfg = Release|Win32
		{1E67DCAC-6E12-4F91-90FA-3091181138AC}.Release|x86.Build.0 = Release|Win32
		{9B930857-C6F7-4276-B5B9-D482F0510A9F}.Debug|x64.ActiveCfg = Debug|x64
		{9B930857-C6F7-4276-B5B9-D482F0510A9F}.Debug|x64.Build.0 = Debug|x64
		{9B930857-C6F7-4276-B5B9-D482F0510A9F}.Debug|x86.ActiveCfg = Debug|Win32
		{9B930857-C6F7-4276-B5B9-D482F0510A9F}.Debug|x86.Build.0 = Debug|Win32
		{9B930857-C6F7-4276-B5B9-D482F0510A9F}.Release|x64.ActiveCfg = Release|x64
		{9B930857-C6F7-4276-B5B9-D482F0510A9F}.Release|x64.Build.0 = Release|x64
		{9B930857-C6F7-4276-B5B9-D482F0510A9F}.Release|x86.ActiveCfg = Release|Win32
		{9B930857-C6F7-4276-B5B9-D482F0510A9F}.Release|x86.Build.0 = Release|Win32
		{3C7B0CF8-0275-4D02-B643-12D1615BB07D}.Debug|x64.ActiveCfg = Debug|x64
		{3C7B0CF8-0275-4D02-B643-12D1615BB07D}.Debug|x64.Build.0 = Debug|x64
		{3C7B0CF8-0275-4D02-B643-12D1615BB07D}.Debug|x86.ActiveCfg = Debug|Win32
		{3C7B0CF8-0275-4D02-B643-12D1615BB07D}.Debug|x86.Build.0 = Debug|Win32
		{3C7B0CF8-0275-4D02-B643-12D1615BB07D}.Release|x64.ActiveCfg = Release|x64
		{3C7B0CF8-0275-4D02-B643-12D1615BB07D}.Release|x64.Build.0 = Release|x64
		{3C7B0CF8-0275-4D02-B643-12D1615BB07D}.Release|x86.ActiveCfg = Release|Win32
		{3C7B0CF8-0275-4D02-B643-12D1615BB07D}.Release|x86.Build.0 = Release|Win32
		{A5CDDED3-2926-415E-8E11-392C7E540D4A}.Debug|x64.ActiveCfg = Debug|x64
		{A5CDDED3-2926-415E-8E11-392C7E540D4A}.Debug|x64.Build.0 = Debug|x64
		{A5CDDED3-2926-415E-8E11-392C7E540D4A}.Debug|x86.ActiveCfg = Debug|Win32
		{A5CDDED3-2926-415E-8E11-392C7E540D4A}.Debug|x86.Build.0 = Debug|Win32
		{A5CDDED3-2926-415E-8E11-392C7E540D4A}.Release|x64.ActiveCfg = Release|x64
		{A5CDDED3-2926-415E-8E11-392C7E540D4A}.Release|x64.Build.0 = Release|x64
		{A5CDDED3-2926-415E-8E11-392C7E540D4A}.Release|x86.ActiveCfg = Release|Win32
		{A5CDDED3-2926-415E-8E11-392C7E540D4A}.Release|x86.Build.0 = Release|Win32
		{7E40E900-740A-4E81-9047-2DC1840F3A97}.Debug|x64.ActiveCfg = Debug|x64
		{7E40E900-740A-4E81-9047-2DC1840F3A97}.Debug|x64.Build.0 = Debug|x64
		{7E40E900-740A-4E81-9047-2DC1840F3A97}.Debug|x86.ActiveCfg = Debug|Win32
		{7E40E900-740A-4E81-9047-2DC1840F3A97}.Debug|x86.Build.0 = Debug|Win32
		{7E40E900-740A-4E81-9047-2DC1840F3A97}.Release|x64.ActiveCfg = Release|x64
		{7E40E900-740A-4E81-9047-2DC1840F3A97}.Release|x64.Build.0 = Release|x64
		{7E40E900-740A-4E81-9047-2DC1840F3A97}.Release|x86.ActiveCfg = Release|Win32
		{7E40E900-740A-4E81-9047-2DC1840F3A97}.Release|x86.Build.0 = Release|Win32
		{AF8B2CCA-F391-46A7-A014-9B00B5C40B61}.Debug|x64.ActiveCfg = Debug|x64
		{AF8B2CCA-F391-46A7-A014-9B00B5C40B61}.Debug|x64.Build.0 = Debug|x64
		{AF8B2CCA-F391-46A7-A014-9B00B5C40B61}.Debug|x86.ActiveCfg = Debug|Win32
		{AF8B2CCA-F391-46A7-A014-9B00B5C40B61}.Debug|x86.Build.0 = Debug|Win32
		{AF8B2CCA-F391-46A7-A014-9B00B5C40B61}.Release|x64.ActiveCfg = Release|x64
		{AF8B2CCA-F391-46A7-A014-9B00B5C40B61}.Release|x64.Build.0 = Release|x64
		{AF8B2CCA-F391-46A7-A014-9B00B5C40B61}.Release|x86.ActiveCfg = Release|Win32
		{AF8B2CCA-F391-46A7-A014-9B00B5C40B61}.Release|x86.Build.0 = Release|Win32
	EndGlobalSection
	GlobalSection(SolutionProperties) = preSolution
		HideSolutionNode = FALSE
	EndGlobalSection
	GlobalSection(ExtensibilityGlobals) = postSolution
		SolutionGuid = {2C73AC48-16AD-4BE8-99C7-F35AAFD0F6CA}
	EndGlobalSection
EndGlobal
